
Microsoft Visual Studio Solution File, Format Version 12.00
# Visual Studio Version 17
VisualStudioVersion = 17.11.35312.102
MinimumVisualStudioVersion = 10.0.40219.1
Project("{FAE04EC0-301F-11D3-BF4B-00C04F79EFBC}") = "BestStoresMVC", "BestStoresMVC\BestStoresMVC.csproj", "{06F2A48A-37C5-4E7E-A60E-009D717C44EA}"
EndProject
Global
	GlobalSection(SolutionConfigurationPlatforms) = preSolution
		Debug|Any CPU = Debug|Any CPU
		Release|Any CPU = Release|Any CPU
	EndGlobalSection
	GlobalSection(ProjectConfigurationPlatforms) = postSolution
		{06F2A48A-37C5-4E7E-A60E-009D717C44EA}.Debug|Any CPU.ActiveCfg = Debug|Any CPU
		{06F2A48A-37C5-4E7E-A60E-009D717C44EA}.Debug|Any CPU.Build.0 = Debug|Any CPU
		{06F2A48A-37C5-4E7E-A60E-009D717C44EA}.Release|Any CPU.ActiveCfg = Release|Any CPU
		{06F2A48A-37C5-4E7E-A60E-009D717C44EA}.Release|Any CPU.Build.0 = Release|Any CPU
	EndGlobalSection
	GlobalSection(SolutionProperties) = preSolution
		HideSolutionNode = FALSE
	EndGlobalSection
	GlobalSection(ExtensibilityGlobals) = postSolution
		SolutionGuid = {EC587585-F2EE-4217-9D7C-1C054D25B578}
	EndGlobalSection
EndGlobal
